
Microsoft Visual Studio Solution File, Format Version 12.00
# Visual Studio Version 17
VisualStudioVersion = 17.8.34525.116
MinimumVisualStudioVersion = 10.0.40219.1
Project("{9A19103F-16F7-4668-BE54-9A1E7A4F7556}") = "IFSPStore.Domain", "IFSPStore.Domain\IFSPStore.Domain.csproj", "{61F991E9-23A2-4934-8AC4-D2C50A700809}"
EndProject
Project("{9A19103F-16F7-4668-BE54-9A1E7A4F7556}") = "IFSPStore.Test", "IFSPStore.Test\IFSPStore.Test.csproj", "{6ACFDBEF-DEDE-4C43-86BE-480436106A6D}"
EndProject
Project("{9A19103F-16F7-4668-BE54-9A1E7A4F7556}") = "IFSPStore.Repository", "IFSPStore.Repository\IFSPStore.Repository.csproj", "{0D2F9790-2D45-4822-8F70-E164FAD3016B}"
EndProject
Project("{FAE04EC0-301F-11D3-BF4B-00C04F79EFBC}") = "IFSPStore.Service", "IFSPStore.Service\IFSPStore.Service.csproj", "{237F083C-5C72-474E-9D06-E01199E13D52}"
EndProject
Global
	GlobalSection(SolutionConfigurationPlatforms) = preSolution
		Debug|Any CPU = Debug|Any CPU
		Release|Any CPU = Release|Any CPU
	EndGlobalSection
	GlobalSection(ProjectConfigurationPlatforms) = postSolution
		{61F991E9-23A2-4934-8AC4-D2C50A700809}.Debug|Any CPU.ActiveCfg = Debug|Any CPU
		{61F991E9-23A2-4934-8AC4-D2C50A700809}.Debug|Any CPU.Build.0 = Debug|Any CPU
		{61F991E9-23A2-4934-8AC4-D2C50A700809}.Release|Any CPU.ActiveCfg = Release|Any CPU
		{61F991E9-23A2-4934-8AC4-D2C50A700809}.Release|Any CPU.Build.0 = Release|Any CPU
		{6ACFDBEF-DEDE-4C43-86BE-480436106A6D}.Debug|Any CPU.ActiveCfg = Debug|Any CPU
		{6ACFDBEF-DEDE-4C43-86BE-480436106A6D}.Debug|Any CPU.Build.0 = Debug|Any CPU
		{6ACFDBEF-DEDE-4C43-86BE-480436106A6D}.Release|Any CPU.ActiveCfg = Release|Any CPU
		{6ACFDBEF-DEDE-4C43-86BE-480436106A6D}.Release|Any CPU.Build.0 = Release|Any CPU
		{0D2F9790-2D45-4822-8F70-E164FAD3016B}.Debug|Any CPU.ActiveCfg = Debug|Any CPU
		{0D2F9790-2D45-4822-8F70-E164FAD3016B}.Debug|Any CPU.Build.0 = Debug|Any CPU
		{0D2F9790-2D45-4822-8F70-E164FAD3016B}.Release|Any CPU.ActiveCfg = Release|Any CPU
		{0D2F9790-2D45-4822-8F70-E164FAD3016B}.Release|Any CPU.Build.0 = Release|Any CPU
		{237F083C-5C72-474E-9D06-E01199E13D52}.Debug|Any CPU.ActiveCfg = Debug|Any CPU
		{237F083C-5C72-474E-9D06-E01199E13D52}.Debug|Any CPU.Build.0 = Debug|Any CPU
		{237F083C-5C72-474E-9D06-E01199E13D52}.Release|Any CPU.ActiveCfg = Release|Any CPU
		{237F083C-5C72-474E-9D06-E01199E13D52}.Release|Any CPU.Build.0 = Release|Any CPU
	EndGlobalSection
	GlobalSection(SolutionProperties) = preSolution
		HideSolutionNode = FALSE
	EndGlobalSection
	GlobalSection(ExtensibilityGlobals) = postSolution
		SolutionGuid = {B1D27EC7-3316-4657-ACFC-83269F80918E}
	EndGlobalSection
EndGlobal
